
Microsoft Visual Studio Solution File, Format Version 12.00
# Visual Studio Version 17
VisualStudioVersion = 17.9.34728.123
MinimumVisualStudioVersion = 10.0.40219.1
Project("{FAE04EC0-301F-11D3-BF4B-00C04F79EFBC}") = "SignalRChat", "SignalRChat\SignalRChat.csproj", "{510A740E-4FDF-48C3-BC52-04F081525A2C}"
EndProject
Global
	GlobalSection(SolutionConfigurationPlatforms) = preSolution
		Debug|Any CPU = Debug|Any CPU
		Release|Any CPU = Release|Any CPU
	EndGlobalSection
	GlobalSection(ProjectConfigurationPlatforms) = postSolution
		{510A740E-4FDF-48C3-BC52-04F081525A2C}.Debug|Any CPU.ActiveCfg = Debug|Any CPU
		{510A740E-4FDF-48C3-BC52-04F081525A2C}.Debug|Any CPU.Build.0 = Debug|Any CPU
		{510A740E-4FDF-48C3-BC52-04F081525A2C}.Release|Any CPU.ActiveCfg = Release|Any CPU
		{510A740E-4FDF-48C3-BC52-04F081525A2C}.Release|Any CPU.Build.0 = Release|Any CPU
	EndGlobalSection
	GlobalSection(SolutionProperties) = preSolution
		HideSolutionNode = FALSE
	EndGlobalSection
	GlobalSection(ExtensibilityGlobals) = postSolution
		SolutionGuid = {E1F46EFC-33B7-474E-BCC8-6E1AC962709B}
	EndGlobalSection
EndGlobal
